
Microsoft Visual Studio Solution File, Format Version 12.00
# Visual Studio 2013
VisualStudioVersion = 12.0.31101.0
MinimumVisualStudioVersion = 10.0.40219.1
Project("{FAE04EC0-301F-11D3-BF4B-00C04F79EFBC}") = "IdeaStorage.DataModel", "IdeaSorage.DataModel\IdeaStorage.DataModel.csproj", "{3BC14D96-65DD-4BE6-A1E9-CC4E8F233BC1}"
EndProject
Project("{FAE04EC0-301F-11D3-BF4B-00C04F79EFBC}") = "BusinessLogic", "BusinessLogic\BusinessLogic.csproj", "{2F07C08A-DD92-412A-B10B-EC239301B068}"
EndProject
Project("{FAE04EC0-301F-11D3-BF4B-00C04F79EFBC}") = "IdeaStorage.EntriesModel", "IdeaStorage.EntriesModel\IdeaStorage.EntriesModel.csproj", "{036DA0C4-E2C2-4ED2-89D0-0E0C3C55D54F}"
EndProject
Project("{2150E333-8FDC-42A3-9474-1A3956D46DE8}") = "DatabaseScripts", "DatabaseScripts", "{6A9ED2C4-FC1F-4C5F-B5DB-63DB795E6D28}"
	ProjectSection(SolutionItems) = preProject
		install.sql = install.sql
	EndProjectSection
EndProject
Project("{FAE04EC0-301F-11D3-BF4B-00C04F79EFBC}") = "IdeaStorage.WebAPI", "IdeaStorage.WebAPI\IdeaStorage.WebAPI.csproj", "{4A373A6C-FA98-4CF4-BE3A-215F35918905}"
EndProject
Project("{FAE04EC0-301F-11D3-BF4B-00C04F79EFBC}") = "BusinessLogic.Test", "BusinessLogic.Test\BusinessLogic.Test.csproj", "{B7C476CF-12A1-4F9E-AA43-B54CD5DA9B6B}"
EndProject
Project("{FAE04EC0-301F-11D3-BF4B-00C04F79EFBC}") = "Infrastructure.Testing", "Infrastructure.Testing\Infrastructure.Testing.csproj", "{56C2C6B7-0DF4-4920-B40C-C2891A086412}"
EndProject
Global
	GlobalSection(SolutionConfigurationPlatforms) = preSolution
		Debug|Any CPU = Debug|Any CPU
		Release|Any CPU = Release|Any CPU
	EndGlobalSection
	GlobalSection(ProjectConfigurationPlatforms) = postSolution
		{3BC14D96-65DD-4BE6-A1E9-CC4E8F233BC1}.Debug|Any CPU.ActiveCfg = Debug|Any CPU
		{3BC14D96-65DD-4BE6-A1E9-CC4E8F233BC1}.Debug|Any CPU.Build.0 = Debug|Any CPU
		{3BC14D96-65DD-4BE6-A1E9-CC4E8F233BC1}.Release|Any CPU.ActiveCfg = Release|Any CPU
		{3BC14D96-65DD-4BE6-A1E9-CC4E8F233BC1}.Release|Any CPU.Build.0 = Release|Any CPU
		{2F07C08A-DD92-412A-B10B-EC239301B068}.Debug|Any CPU.ActiveCfg = Debug|Any CPU
		{2F07C08A-DD92-412A-B10B-EC239301B068}.Debug|Any CPU.Build.0 = Debug|Any CPU
		{2F07C08A-DD92-412A-B10B-EC239301B068}.Release|Any CPU.ActiveCfg = Release|Any CPU
		{2F07C08A-DD92-412A-B10B-EC239301B068}.Release|Any CPU.Build.0 = Release|Any CPU
		{036DA0C4-E2C2-4ED2-89D0-0E0C3C55D54F}.Debug|Any CPU.ActiveCfg = Debug|Any CPU
		{036DA0C4-E2C2-4ED2-89D0-0E0C3C55D54F}.Debug|Any CPU.Build.0 = Debug|Any CPU
		{036DA0C4-E2C2-4ED2-89D0-0E0C3C55D54F}.Release|Any CPU.ActiveCfg = Release|Any CPU
		{036DA0C4-E2C2-4ED2-89D0-0E0C3C55D54F}.Release|Any CPU.Build.0 = Release|Any CPU
		{4A373A6C-FA98-4CF4-BE3A-215F35918905}.Debug|Any CPU.ActiveCfg = Debug|Any CPU
		{4A373A6C-FA98-4CF4-BE3A-215F35918905}.Debug|Any CPU.Build.0 = Debug|Any CPU
		{4A373A6C-FA98-4CF4-BE3A-215F35918905}.Release|Any CPU.ActiveCfg = Release|Any CPU
		{4A373A6C-FA98-4CF4-BE3A-215F35918905}.Release|Any CPU.Build.0 = Release|Any CPU
		{B7C476CF-12A1-4F9E-AA43-B54CD5DA9B6B}.Debug|Any CPU.ActiveCfg = Debug|Any CPU
		{B7C476CF-12A1-4F9E-AA43-B54CD5DA9B6B}.Debug|Any CPU.Build.0 = Debug|Any CPU
		{B7C476CF-12A1-4F9E-AA43-B54CD5DA9B6B}.Release|Any CPU.ActiveCfg = Release|Any CPU
		{B7C476CF-12A1-4F9E-AA43-B54CD5DA9B6B}.Release|Any CPU.Build.0 = Release|Any CPU
		{56C2C6B7-0DF4-4920-B40C-C2891A086412}.Debug|Any CPU.ActiveCfg = Debug|Any CPU
		{56C2C6B7-0DF4-4920-B40C-C2891A086412}.Debug|Any CPU.Build.0 = Debug|Any CPU
		{56C2C6B7-0DF4-4920-B40C-C2891A086412}.Release|Any CPU.ActiveCfg = Release|Any CPU
		{56C2C6B7-0DF4-4920-B40C-C2891A086412}.Release|Any CPU.Build.0 = Release|Any CPU
	EndGlobalSection
	GlobalSection(SolutionProperties) = preSolution
		HideSolutionNode = FALSE
	EndGlobalSection
EndGlobal
